
Microsoft Visual Studio Solution File, Format Version 12.00
# Visual Studio Version 16
VisualStudioVersion = 16.0.29709.97
MinimumVisualStudioVersion = 10.0.40219.1
Project("{FAE04EC0-301F-11D3-BF4B-00C04F79EFBC}") = "LiveBoard.UWP", "LiveBoard\LiveBoard.UWP\LiveBoard.UWP.csproj", "{A8B720DD-809F-495E-B0D0-B45256A27CCD}"
EndProject
Project("{FAE04EC0-301F-11D3-BF4B-00C04F79EFBC}") = "LiveBoard.Android", "LiveBoard\LiveBoard.Android\LiveBoard.Android.csproj", "{FE66A9D0-D6E9-4C82-811E-491835068AAE}"
EndProject
Project("{FAE04EC0-301F-11D3-BF4B-00C04F79EFBC}") = "LiveBoard.iOS", "LiveBoard\LiveBoard.iOS\LiveBoard.iOS.csproj", "{FB0D1248-60C3-48B6-9B3A-6728C44821BA}"
EndProject
Project("{FAE04EC0-301F-11D3-BF4B-00C04F79EFBC}") = "LiveBoard", "LiveBoard\LiveBoard\LiveBoard.csproj", "{BD9C2242-B5C2-496C-851E-DB4248BA87EE}"
EndProject
Global
	GlobalSection(SolutionConfigurationPlatforms) = preSolution
		Debug|Any CPU = Debug|Any CPU
		Debug|ARM = Debug|ARM
		Debug|iPhone = Debug|iPhone
		Debug|iPhoneSimulator = Debug|iPhoneSimulator
		Debug|x64 = Debug|x64
		Debug|x86 = Debug|x86
		Release|Any CPU = Release|Any CPU
		Release|ARM = Release|ARM
		Release|iPhone = Release|iPhone
		Release|iPhoneSimulator = Release|iPhoneSimulator
		Release|x64 = Release|x64
		Release|x86 = Release|x86
	EndGlobalSection
	GlobalSection(ProjectConfigurationPlatforms) = postSolution
		{A8B720DD-809F-495E-B0D0-B45256A27CCD}.Debug|Any CPU.ActiveCfg = Debug|x86
		{A8B720DD-809F-495E-B0D0-B45256A27CCD}.Debug|Any CPU.Build.0 = Debug|x86
		{A8B720DD-809F-495E-B0D0-B45256A27CCD}.Debug|Any CPU.Deploy.0 = Debug|x86
		{A8B720DD-809F-495E-B0D0-B45256A27CCD}.Debug|ARM.ActiveCfg = Debug|ARM
		{A8B720DD-809F-495E-B0D0-B45256A27CCD}.Debug|ARM.Build.0 = Debug|ARM
		{A8B720DD-809F-495E-B0D0-B45256A27CCD}.Debug|ARM.Deploy.0 = Debug|ARM
		{A8B720DD-809F-495E-B0D0-B45256A27CCD}.Debug|iPhone.ActiveCfg = Debug|x86
		{A8B720DD-809F-495E-B0D0-B45256A27CCD}.Debug|iPhone.Build.0 = Debug|x86
		{A8B720DD-809F-495E-B0D0-B45256A27CCD}.Debug|iPhone.Deploy.0 = Debug|x86
		{A8B720DD-809F-495E-B0D0-B45256A27CCD}.Debug|iPhoneSimulator.ActiveCfg = Debug|x86
		{A8B720DD-809F-495E-B0D0-B45256A27CCD}.Debug|iPhoneSimulator.Build.0 = Debug|x86
		{A8B720DD-809F-495E-B0D0-B45256A27CCD}.Debug|iPhoneSimulator.Deploy.0 = Debug|x86
		{A8B720DD-809F-495E-B0D0-B45256A27CCD}.Debug|x64.ActiveCfg = Debug|x64
		{A8B720DD-809F-495E-B0D0-B45256A27CCD}.Debug|x64.Build.0 = Debug|x64
		{A8B720DD-809F-495E-B0D0-B45256A27CCD}.Debug|x64.Deploy.0 = Debug|x64
		{A8B720DD-809F-495E-B0D0-B45256A27CCD}.Debug|x86.ActiveCfg = Debug|x86
		{A8B720DD-809F-495E-B0D0-B45256A27CCD}.Debug|x86.Build.0 = Debug|x86
		{A8B720DD-809F-495E-B0D0-B45256A27CCD}.Debug|x86.Deploy.0 = Debug|x86
		{A8B720DD-809F-495E-B0D0-B45256A27CCD}.Release|Any CPU.ActiveCfg = Release|x86
		{A8B720DD-809F-495E-B0D0-B45256A27CCD}.Release|Any CPU.Build.0 = Release|x86
		{A8B720DD-809F-495E-B0D0-B45256A27CCD}.Release|Any CPU.Deploy.0 = Release|x86
		{A8B720DD-809F-495E-B0D0-B45256A27CCD}.Release|ARM.ActiveCfg = Release|ARM
		{A8B720DD-809F-495E-B0D0-B45256A27CCD}.Release|ARM.Build.0 = Release|ARM
		{A8B720DD-809F-495E-B0D0-B45256A27CCD}.Release|ARM.Deploy.0 = Release|ARM
		{A8B720DD-809F-495E-B0D0-B45256A27CCD}.Release|iPhone.ActiveCfg = Release|x86
		{A8B720DD-809F-495E-B0D0-B45256A27CCD}.Release|iPhone.Build.0 = Release|x86
		{A8B720DD-809F-495E-B0D0-B45256A27CCD}.Release|iPhone.Deploy.0 = Release|x86
		{A8B720DD-809F-495E-B0D0-B45256A27CCD}.Release|iPhoneSimulator.ActiveCfg = Release|x86
		{A8B720DD-809F-495E-B0D0-B45256A27CCD}.Release|iPhoneSimulator.Build.0 = Release|x86
		{A8B720DD-809F-495E-B0D0-B45256A27CCD}.Release|iPhoneSimulator.Deploy.0 = Release|x86
		{A8B720DD-809F-495E-B0D0-B45256A27CCD}.Release|x64.ActiveCfg = Release|x64
		{A8B720DD-809F-495E-B0D0-B45256A27CCD}.Release|x64.Build.0 = Release|x64
		{A8B720DD-809F-495E-B0D0-B45256A27CCD}.Release|x64.Deploy.0 = Release|x64
		{A8B720DD-809F-495E-B0D0-B45256A27CCD}.Release|x86.ActiveCfg = Release|x86
		{A8B720DD-809F-495E-B0D0-B45256A27CCD}.Release|x86.Build.0 = Release|x86
		{A8B720DD-809F-495E-B0D0-B45256A27CCD}.Release|x86.Deploy.0 = Release|x86
		{FE66A9D0-D6E9-4C82-811E-491835068AAE}.Debug|Any CPU.ActiveCfg = Debug|Any CPU
		{FE66A9D0-D6E9-4C82-811E-491835068AAE}.Debug|Any CPU.Build.0 = Debug|Any CPU
		{FE66A9D0-D6E9-4C82-811E-491835068AAE}.Debug|Any CPU.Deploy.0 = Debug|Any CPU
		{FE66A9D0-D6E9-4C82-811E-491835068AAE}.Debug|ARM.ActiveCfg = Debug|Any CPU
		{FE66A9D0-D6E9-4C82-811E-491835068AAE}.Debug|ARM.Build.0 = Debug|Any CPU
		{FE66A9D0-D6E9-4C82-811E-491835068AAE}.Debug|ARM.Deploy.0 = Debug|Any CPU
		{FE66A9D0-D6E9-4C82-811E-491835068AAE}.Debug|iPhone.ActiveCfg = Debug|Any CPU
		{FE66A9D0-D6E9-4C82-811E-491835068AAE}.Debug|iPhone.Build.0 = Debug|Any CPU
		{FE66A9D0-D6E9-4C82-811E-491835068AAE}.Debug|iPhone.Deploy.0 = Debug|Any CPU
		{FE66A9D0-D6E9-4C82-811E-491835068AAE}.Debug|iPhoneSimulator.ActiveCfg = Debug|Any CPU
		{FE66A9D0-D6E9-4C82-811E-491835068AAE}.Debug|iPhoneSimulator.Build.0 = Debug|Any CPU
		{FE66A9D0-D6E9-4C82-811E-491835068AAE}.Debug|iPhoneSimulator.Deploy.0 = Debug|Any CPU
		{FE66A9D0-D6E9-4C82-811E-491835068AAE}.Debug|x64.ActiveCfg = Debug|Any CPU
		{FE66A9D0-D6E9-4C82-811E-491835068AAE}.Debug|x64.Build.0 = Debug|Any CPU
		{FE66A9D0-D6E9-4C82-811E-491835068AAE}.Debug|x64.Deploy.0 = Debug|Any CPU
		{FE66A9D0-D6E9-4C82-811E-491835068AAE}.Debug|x86.ActiveCfg = Debug|Any CPU
		{FE66A9D0-D6E9-4C82-811E-491835068AAE}.Debug|x86.Build.0 = Debug|Any CPU
		{FE66A9D0-D6E9-4C82-811E-491835068AAE}.Debug|x86.Deploy.0 = Debug|Any CPU
		{FE66A9D0-D6E9-4C82-811E-491835068AAE}.Release|Any CPU.ActiveCfg = Release|Any CPU
		{FE66A9D0-D6E9-4C82-811E-491835068AAE}.Release|Any CPU.Build.0 = Release|Any CPU
		{FE66A9D0-D6E9-4C82-811E-491835068AAE}.Release|Any CPU.Deploy.0 = Release|Any CPU
		{FE66A9D0-D6E9-4C82-811E-491835068AAE}.Release|ARM.ActiveCfg = Release|Any CPU
		{FE66A9D0-D6E9-4C82-811E-491835068AAE}.Release|ARM.Build.0 = Release|Any CPU
		{FE66A9D0-D6E9-4C82-811E-491835068AAE}.Release|ARM.Deploy.0 = Release|Any CPU
		{FE66A9D0-D6E9-4C82-811E-491835068AAE}.Release|iPhone.ActiveCfg = Release|Any CPU
		{FE66A9D0-D6E9-4C82-811E-491835068AAE}.Release|iPhone.Build.0 = Release|Any CPU
		{FE66A9D0-D6E9-4C82-811E-491835068AAE}.Release|iPhone.Deploy.0 = Release|Any CPU
		{FE66A9D0-D6E9-4C82-811E-491835068AAE}.Release|iPhoneSimulator.ActiveCfg = Release|Any CPU
		{FE66A9D0-D6E9-4C82-811E-491835068AAE}.Release|iPhoneSimulator.Build.0 = Release|Any CPU
		{FE66A9D0-D6E9-4C82-811E-491835068AAE}.Release|iPhoneSimulator.Deploy.0 = Release|Any CPU
		{FE66A9D0-D6E9-4C82-811E-491835068AAE}.Release|x64.ActiveCfg = Release|Any CPU
		{FE66A9D0-D6E9-4C82-811E-491835068AAE}.Release|x64.Build.0 = Release|Any CPU
		{FE66A9D0-D6E9-4C82-811E-491835068AAE}.Release|x64.Deploy.0 = Release|Any CPU
		{FE66A9D0-D6E9-4C82-811E-491835068AAE}.Release|x86.ActiveCfg = Release|Any CPU
		{FE66A9D0-D6E9-4C82-811E-491835068AAE}.Release|x86.Build.0 = Release|Any CPU
		{FE66A9D0-D6E9-4C82-811E-491835068AAE}.Release|x86.Deploy.0 = Release|Any CPU
		{FB0D1248-60C3-48B6-9B3A-6728C44821BA}.Debug|Any CPU.ActiveCfg = Debug|iPhone
		{FB0D1248-60C3-48B6-9B3A-6728C44821BA}.Debug|Any CPU.Build.0 = Debug|iPhone
		{FB0D1248-60C3-48B6-9B3A-6728C44821BA}.Debug|Any CPU.Deploy.0 = Debug|iPhone
		{FB0D1248-60C3-48B6-9B3A-6728C44821BA}.Debug|ARM.ActiveCfg = Debug|iPhoneSimulator
		{FB0D1248-60C3-48B6-9B3A-6728C44821BA}.Debug|ARM.Build.0 = Debug|iPhoneSimulator
		{FB0D1248-60C3-48B6-9B3A-6728C44821BA}.Debug|ARM.Deploy.0 = Debug|iPhoneSimulator
		{FB0D1248-60C3-48B6-9B3A-6728C44821BA}.Debug|iPhone.ActiveCfg = Debug|iPhone
		{FB0D1248-60C3-48B6-9B3A-6728C44821BA}.Debug|iPhone.Build.0 = Debug|iPhone
		{FB0D1248-60C3-48B6-9B3A-6728C44821BA}.Debug|iPhone.Deploy.0 = Debug|iPhone
		{FB0D1248-60C3-48B6-9B3A-6728C44821BA}.Debug|iPhoneSimulator.ActiveCfg = Debug|iPhoneSimulator
		{FB0D1248-60C3-48B6-9B3A-6728C44821BA}.Debug|iPhoneSimulator.Build.0 = Debug|iPhoneSimulator
		{FB0D1248-60C3-48B6-9B3A-6728C44821BA}.Debug|iPhoneSimulator.Deploy.0 = Debug|iPhoneSimulator
		{FB0D1248-60C3-48B6-9B3A-6728C44821BA}.Debug|x64.ActiveCfg = Debug|iPhone
		{FB0D1248-60C3-48B6-9B3A-6728C44821BA}.Debug|x64.Build.0 = Debug|iPhone
		{FB0D1248-60C3-48B6-9B3A-6728C44821BA}.Debug|x64.Deploy.0 = Debug|iPhone
		{FB0D1248-60C3-48B6-9B3A-6728C44821BA}.Debug|x86.ActiveCfg = Debug|iPhone
		{FB0D1248-60C3-48B6-9B3A-6728C44821BA}.Debug|x86.Build.0 = Debug|iPhone
		{FB0D1248-60C3-48B6-9B3A-6728C44821BA}.Debug|x86.Deploy.0 = Debug|iPhone
		{FB0D1248-60C3-48B6-9B3A-6728C44821BA}.Release|Any CPU.ActiveCfg = Release|iPhone
		{FB0D1248-60C3-48B6-9B3A-6728C44821BA}.Release|Any CPU.Build.0 = Release|iPhone
		{FB0D1248-60C3-48B6-9B3A-6728C44821BA}.Release|Any CPU.Deploy.0 = Release|iPhone
		{FB0D1248-60C3-48B6-9B3A-6728C44821BA}.Release|ARM.ActiveCfg = Release|iPhone
		{FB0D1248-60C3-48B6-9B3A-6728C44821BA}.Release|ARM.Build.0 = Release|iPhone
		{FB0D1248-60C3-48B6-9B3A-6728C44821BA}.Release|ARM.Deploy.0 = Release|iPhone
		{FB0D1248-60C3-48B6-9B3A-6728C44821BA}.Release|iPhone.ActiveCfg = Release|iPhone
		{FB0D1248-60C3-48B6-9B3A-6728C44821BA}.Release|iPhone.Build.0 = Release|iPhone
		{FB0D1248-60C3-48B6-9B3A-6728C44821BA}.Release|iPhone.Deploy.0 = Release|iPhone
		{FB0D1248-60C3-48B6-9B3A-6728C44821BA}.Release|iPhoneSimulator.ActiveCfg = Release|iPhoneSimulator
		{FB0D1248-60C3-48B6-9B3A-6728C44821BA}.Release|iPhoneSimulator.Build.0 = Release|iPhoneSimulator
		{FB0D1248-60C3-48B6-9B3A-6728C44821BA}.Release|iPhoneSimulator.Deploy.0 = Release|iPhoneSimulator
		{FB0D1248-60C3-48B6-9B3A-6728C44821BA}.Release|x64.ActiveCfg = Release|iPhone
		{FB0D1248-60C3-48B6-9B3A-6728C44821BA}.Release|x64.Build.0 = Release|iPhone
		{FB0D1248-60C3-48B6-9B3A-6728C44821BA}.Release|x64.Deploy.0 = Release|iPhone
		{FB0D1248-60C3-48B6-9B3A-6728C44821BA}.Release|x86.ActiveCfg = Release|iPhone
		{FB0D1248-60C3-48B6-9B3A-6728C44821BA}.Release|x86.Build.0 = Release|iPhone
		{FB0D1248-60C3-48B6-9B3A-6728C44821BA}.Release|x86.Deploy.0 = Release|iPhone
		{BD9C2242-B5C2-496C-851E-DB4248BA87EE}.Debug|Any CPU.ActiveCfg = Debug|Any CPU
		{BD9C2242-B5C2-496C-851E-DB4248BA87EE}.Debug|Any CPU.Build.0 = Debug|Any CPU
		{BD9C2242-B5C2-496C-851E-DB4248BA87EE}.Debug|Any CPU.Deploy.0 = Debug|Any CPU
		{BD9C2242-B5C2-496C-851E-DB4248BA87EE}.Debug|ARM.ActiveCfg = Debug|Any CPU
		{BD9C2242-B5C2-496C-851E-DB4248BA87EE}.Debug|ARM.Build.0 = Debug|Any CPU
		{BD9C2242-B5C2-496C-851E-DB4248BA87EE}.Debug|ARM.Deploy.0 = Debug|Any CPU
		{BD9C2242-B5C2-496C-851E-DB4248BA87EE}.Debug|iPhone.ActiveCfg = Debug|Any CPU
		{BD9C2242-B5C2-496C-851E-DB4248BA87EE}.Debug|iPhone.Build.0 = Debug|Any CPU
		{BD9C2242-B5C2-496C-851E-DB4248BA87EE}.Debug|iPhone.Deploy.0 = Debug|Any CPU
		{BD9C2242-B5C2-496C-851E-DB4248BA87EE}.Debug|iPhoneSimulator.ActiveCfg = Debug|Any CPU
		{BD9C2242-B5C2-496C-851E-DB4248BA87EE}.Debug|iPhoneSimulator.Build.0 = Debug|Any CPU
		{BD9C2242-B5C2-496C-851E-DB4248BA87EE}.Debug|iPhoneSimulator.Deploy.0 = Debug|Any CPU
		{BD9C2242-B5C2-496C-851E-DB4248BA87EE}.Debug|x64.ActiveCfg = Debug|Any CPU
		{BD9C2242-B5C2-496C-851E-DB4248BA87EE}.Debug|x64.Build.0 = Debug|Any CPU
		{BD9C2242-B5C2-496C-851E-DB4248BA87EE}.Debug|x64.Deploy.0 = Debug|Any CPU
		{BD9C2242-B5C2-496C-851E-DB4248BA87EE}.Debug|x86.ActiveCfg = Debug|Any CPU
		{BD9C2242-B5C2-496C-851E-DB4248BA87EE}.Debug|x86.Build.0 = Debug|Any CPU
		{BD9C2242-B5C2-496C-851E-DB4248BA87EE}.Debug|x86.Deploy.0 = Debug|Any CPU
		{BD9C2242-B5C2-496C-851E-DB4248BA87EE}.Release|Any CPU.ActiveCfg = Release|Any CPU
		{BD9C2242-B5C2-496C-851E-DB4248BA87EE}.Release|Any CPU.Build.0 = Release|Any CPU
		{BD9C2242-B5C2-496C-851E-DB4248BA87EE}.Release|Any CPU.Deploy.0 = Release|Any CPU
		{BD9C2242-B5C2-496C-851E-DB4248BA87EE}.Release|ARM.ActiveCfg = Release|Any CPU
		{BD9C2242-B5C2-496C-851E-DB4248BA87EE}.Release|ARM.Build.0 = Release|Any CPU
		{BD9C2242-B5C2-496C-851E-DB4248BA87EE}.Release|ARM.Deploy.0 = Release|Any CPU
		{BD9C2242-B5C2-496C-851E-DB4248BA87EE}.Release|iPhone.ActiveCfg = Release|Any CPU
		{BD9C2242-B5C2-496C-851E-DB4248BA87EE}.Release|iPhone.Build.0 = Release|Any CPU
		{BD9C2242-B5C2-496C-851E-DB4248BA87EE}.Release|iPhone.Deploy.0 = Release|Any CPU
		{BD9C2242-B5C2-496C-851E-DB4248BA87EE}.Release|iPhoneSimulator.ActiveCfg = Release|Any CPU
		{BD9C2242-B5C2-496C-851E-DB4248BA87EE}.Release|iPhoneSimulator.Build.0 = Release|Any CPU
		{BD9C2242-B5C2-496C-851E-DB4248BA87EE}.Release|iPhoneSimulator.Deploy.0 = Release|Any CPU
		{BD9C2242-B5C2-496C-851E-DB4248BA87EE}.Release|x64.ActiveCfg = Release|Any CPU
		{BD9C2242-B5C2-496C-851E-DB4248BA87EE}.Release|x64.Build.0 = Release|Any CPU
		{BD9C2242-B5C2-496C-851E-DB4248BA87EE}.Release|x64.Deploy.0 = Release|Any CPU
		{BD9C2242-B5C2-496C-851E-DB4248BA87EE}.Release|x86.ActiveCfg = Release|Any CPU
		{BD9C2242-B5C2-496C-851E-DB4248BA87EE}.Release|x86.Build.0 = Release|Any CPU
		{BD9C2242-B5C2-496C-851E-DB4248BA87EE}.Release|x86.Deploy.0 = Release|Any CPU
	EndGlobalSection
	GlobalSection(SolutionProperties) = preSolution
		HideSolutionNode = FALSE
	EndGlobalSection
	GlobalSection(ExtensibilityGlobals) = postSolution
		SolutionGuid = {DE0DEB57-24C1-43E7-9D99-0FDF93AF28D2}
	EndGlobalSection
EndGlobal
